<?xml version="1.0" encoding="utf-8"?>
<Project ToolsVersion="4.0" xmlns="http://schemas.microsoft.com/developer/msbuild/2003">
  <ItemGroup>
    <Filter Include="Source Files">
      <UniqueIdentifier>{4FC737F1-C7A5-4376-A066-2A32D752A2FF}</UniqueIdentifier>
      <Extensions>cpp;c;cc;cxx;def;odl;idl;hpj;bat;asm;asmx</Extensions>
    </Filter>
    <Filter Include="Header Files">
      <UniqueIdentifier>{93995380-89BD-4b04-88EB-625FBE52EBFB}</UniqueIdentifier>
      <Extensions>h;hh;hpp;hxx;hm;inl;inc;ipp;xsd</Extensions>
    </Filter>
    <Filter Include="Resource Files">
      <UniqueIdentifier>{67DA6AB6-F800-4c08-8B7A-83BB121AAD01}</UniqueIdentifier>
      <Extensions>rc;ico;cur;bmp;dlg;rc2;rct;bin;rgs;gif;jpg;jpeg;jpe;resx;tiff;tif;png;wav;mfcribbon-ms</Extensions>
    </Filter>
  </ItemGroup>
  <ItemGroup>
    <ClCompile Include="NetworkingTest.cpp">
      <Filter>Source Files</Filter>
    </ClCompile>
    <ClCompile Include="ServerRequests.cpp">
      <Filter>Source Files</Filter>
    </ClCompile>
    <ClCompile Include="CrowdControl.cpp">
      <Filter>Source Files</Filter>
    </ClCompile>
    <ClCompile Include="StreamUser.cpp">
      <Filter>Source Files</Filter>
    </ClCompile>
    <ClCompile Include="CCEffectBase.cpp">
      <Filter>Source Files</Filter>
    </ClCompile>
    <ClCompile Include="CCEffectInstance.cpp">
      <Filter>Source Files</Filter>
    </ClCompile>
    <ClCompile Include="CCEffectTimed.cpp">
      <Filter>Source Files</Filter>
    </ClCompile>
    <ClCompile Include="CCEffect.cpp">
      <Filter>Source Files</Filter>
    </ClCompile>
    <ClCompile Include="CCEffectParameters.cpp">
      <Filter>Source Files</Filter>
    </ClCompile>
    <ClCompile Include="CCEffectInstanceParameters.cpp">
      <Filter>Source Files</Filter>
    </ClCompile>
    <ClCompile Include="CCEffectInstanceTimed.cpp">
      <Filter>Source Files</Filter>
    </ClCompile>
    <ClCompile Include="CCEffectTest.cpp">
      <Filter>Source Files</Filter>
    </ClCompile>
    <ClCompile Include="RPC.cpp">
      <Filter>Source Files</Filter>
    </ClCompile>
    <ClCompile Include="StreamBuf.cpp">
      <Filter>Source Files</Filter>
    </ClCompile>
    <ClCompile Include="CCEffectTimedTest.cpp">
      <Filter>Source Files</Filter>
    </ClCompile>
    <ClCompile Include="CCEffectParametersTest.cpp">
      <Filter>Source Files</Filter>
    </ClCompile>
  </ItemGroup>
  <ItemGroup>
    <ClInclude Include="CrowdControl.hpp">
      <Filter>Header Files</Filter>
    </ClInclude>
    <ClInclude Include="ServerRequests.hpp">
      <Filter>Header Files</Filter>
    </ClInclude>
    <ClInclude Include="StreamUser.hpp">
      <Filter>Header Files</Filter>
    </ClInclude>
    <ClInclude Include="Morality.hpp">
      <Filter>Header Files</Filter>
    </ClInclude>
    <ClInclude Include="CCEffectBase.hpp">
      <Filter>Header Files</Filter>
    </ClInclude>
    <ClInclude Include="EffectResult.hpp">
      <Filter>Header Files</Filter>
    </ClInclude>
    <ClInclude Include="CCEffectInstance.hpp">
      <Filter>Header Files</Filter>
    </ClInclude>
    <ClInclude Include="CCEffectTimed.hpp">
      <Filter>Header Files</Filter>
    </ClInclude>
    <ClInclude Include="CCEffectInstanceTimed.hpp">
      <Filter>Header Files</Filter>
    </ClInclude>
    <ClInclude Include="CCEffect.hpp">
      <Filter>Header Files</Filter>
    </ClInclude>
    <ClInclude Include="ConcreteEffect.hpp">
      <Filter>Header Files</Filter>
    </ClInclude>
    <ClInclude Include="CCEffectParameters.hpp">
      <Filter>Header Files</Filter>
    </ClInclude>
    <ClInclude Include="CCEffectInstanceParameters.hpp">
      <Filter>Header Files</Filter>
    </ClInclude>
    <ClInclude Include="CCEffectTest.hpp">
      <Filter>Header Files</Filter>
    </ClInclude>
    <ClInclude Include="RPC.hpp">
      <Filter>Header Files</Filter>
    </ClInclude>
    <ClInclude Include="StreamBuf.hpp">
      <Filter>Header Files</Filter>
    </ClInclude>
    <ClInclude Include="CCEffectTimedTest.hpp">
      <Filter>Header Files</Filter>
    </ClInclude>
    <ClInclude Include="ParameterEntry.hpp">
      <Filter>Header Files</Filter>
    </ClInclude>
    <ClInclude Include="ParameterOption.hpp">
      <Filter>Header Files</Filter>
    </ClInclude>
    <ClInclude Include="CCEffectParametersTest.hpp">
      <Filter>Header Files</Filter>
    </ClInclude>
    <ClInclude Include="DLLConfig.hpp">
      <Filter>Header Files</Filter>
    </ClInclude>
    <ClInclude Include="Test.hpp">
      <Filter>Header Files</Filter>
    </ClInclude>
  </ItemGroup>
</Project>