<?xml version="1.0" encoding="utf-8"?>
<Project ToolsVersion="4.0" xmlns="http://schemas.microsoft.com/developer/msbuild/2003">
  <ItemGroup>
    <Filter Include="Source Files">
      <UniqueIdentifier>{4FC737F1-C7A5-4376-A066-2A32D752A2FF}</UniqueIdentifier>
      <Extensions>cpp;c;cc;cxx;def;odl;idl;hpj;bat;asm;asmx</Extensions>
    </Filter>
    <Filter Include="Header Files">
      <UniqueIdentifier>{93995380-89BD-4b04-88EB-625FBE52EBFB}</UniqueIdentifier>
      <Extensions>h;hh;hpp;hxx;hm;inl;inc;ipp;xsd</Extensions>
    </Filter>
    <Filter Include="Resource Files">
      <UniqueIdentifier>{67DA6AB6-F800-4c08-8B7A-83BB121AAD01}</UniqueIdentifier>
      <Extensions>rc;ico;cur;bmp;dlg;rc2;rct;bin;rgs;gif;jpg;jpeg;jpe;resx;tiff;tif;png;wav;mfcribbon-ms</Extensions>
    </Filter>
  </ItemGroup>
  <ItemGroup>
    <ClCompile Include="CCEffectBase.cpp">
      <Filter>Source Files</Filter>
    </ClCompile>
    <ClCompile Include="RPC.cpp">
      <Filter>Source Files</Filter>
    </ClCompile>
    <ClCompile Include="CCEffectInstanceTimed.cpp">
      <Filter>Source Files</Filter>
    </ClCompile>
    <ClCompile Include="ServerRequests.cpp">
      <Filter>Source Files</Filter>
    </ClCompile>
    <ClCompile Include="StreamBuf.cpp">
      <Filter>Source Files</Filter>
    </ClCompile>
    <ClCompile Include="StreamUser.cpp">
      <Filter>Source Files</Filter>
    </ClCompile>
    <ClCompile Include="CCEffectParametersTest.cpp">
      <Filter>Source Files</Filter>
    </ClCompile>
    <ClCompile Include="CCEffectTest.cpp">
      <Filter>Source Files</Filter>
    </ClCompile>
    <ClCompile Include="CCEffectTimedTest.cpp">
      <Filter>Source Files</Filter>
    </ClCompile>
    <ClCompile Include="CCEffect.cpp">
      <Filter>Source Files</Filter>
    </ClCompile>
    <ClCompile Include="CCEffectParameters.cpp">
      <Filter>Source Files</Filter>
    </ClCompile>
    <ClCompile Include="CCEffectTimed.cpp">
      <Filter>Source Files</Filter>
    </ClCompile>
    <ClCompile Include="CCEffectInstance.cpp">
      <Filter>Source Files</Filter>
    </ClCompile>
    <ClCompile Include="CCEffectInstanceParameters.cpp">
      <Filter>Source Files</Filter>
    </ClCompile>
    <ClCompile Include="CrowdControlRunner.cpp">
      <Filter>Source Files</Filter>
    </ClCompile>
    <ClCompile Include="CreateAndLinkDLLFile.cpp">
      <Filter>Source Files</Filter>
    </ClCompile>
  </ItemGroup>
  <ItemGroup>
    <ClInclude Include="include\CCEffect.hpp">
      <Filter>Header Files</Filter>
    </ClInclude>
    <ClInclude Include="include\CCEffectBase.hpp">
      <Filter>Header Files</Filter>
    </ClInclude>
    <ClInclude Include="include\CCEffectInstance.hpp">
      <Filter>Header Files</Filter>
    </ClInclude>
    <ClInclude Include="include\CCEffectInstanceParameters.hpp">
      <Filter>Header Files</Filter>
    </ClInclude>
    <ClInclude Include="include\CCEffectInstanceTimed.hpp">
      <Filter>Header Files</Filter>
    </ClInclude>
    <ClInclude Include="include\CCEffectParameters.hpp">
      <Filter>Header Files</Filter>
    </ClInclude>
    <ClInclude Include="include\CCEffectParametersTest.hpp">
      <Filter>Header Files</Filter>
    </ClInclude>
    <ClInclude Include="include\CCEffectTest.hpp">
      <Filter>Header Files</Filter>
    </ClInclude>
    <ClInclude Include="include\CCEffectTimed.hpp">
      <Filter>Header Files</Filter>
    </ClInclude>
    <ClInclude Include="include\CCEffectTimedTest.hpp">
      <Filter>Header Files</Filter>
    </ClInclude>
    <ClInclude Include="include\ConcreteEffect.hpp">
      <Filter>Header Files</Filter>
    </ClInclude>
    <ClInclude Include="include\DLLConfig.hpp">
      <Filter>Header Files</Filter>
    </ClInclude>
    <ClInclude Include="include\EffectResult.hpp">
      <Filter>Header Files</Filter>
    </ClInclude>
    <ClInclude Include="include\Morality.hpp">
      <Filter>Header Files</Filter>
    </ClInclude>
    <ClInclude Include="include\ParameterEntry.hpp">
      <Filter>Header Files</Filter>
    </ClInclude>
    <ClInclude Include="include\ParameterOption.hpp">
      <Filter>Header Files</Filter>
    </ClInclude>
    <ClInclude Include="include\RPC.hpp">
      <Filter>Header Files</Filter>
    </ClInclude>
    <ClInclude Include="include\ServerMessages.hpp">
      <Filter>Header Files</Filter>
    </ClInclude>
    <ClInclude Include="include\ServerRequests.hpp">
      <Filter>Header Files</Filter>
    </ClInclude>
    <ClInclude Include="include\StreamBuf.hpp">
      <Filter>Header Files</Filter>
    </ClInclude>
    <ClInclude Include="include\StreamUser.hpp">
      <Filter>Header Files</Filter>
    </ClInclude>
    <ClInclude Include="include\Test.hpp">
      <Filter>Header Files</Filter>
    </ClInclude>
    <ClInclude Include="include\CrowdControlRunner.hpp">
      <Filter>Header Files</Filter>
    </ClInclude>
    <ClInclude Include="CreateAndLinkDLLFile.h">
      <Filter>Header Files</Filter>
    </ClInclude>
  </ItemGroup>
</Project>